
Microsoft Visual Studio Solution File, Format Version 12.00
# Visual Studio 15
VisualStudioVersion = 15.0.26730.12
MinimumVisualStudioVersion = 10.0.40219.1
Project("{FAE04EC0-301F-11D3-BF4B-00C04F79EFBC}") = "ShareIT", "ShareIT\ShareIT.csproj", "{2CCE00DD-22F0-4C95-B012-0C2F066B939A}"
EndProject
Global
	GlobalSection(SolutionConfigurationPlatforms) = preSolution
		Debug|Any CPU = Debug|Any CPU
		Release|Any CPU = Release|Any CPU
	EndGlobalSection
	GlobalSection(ProjectConfigurationPlatforms) = postSolution
		{2CCE00DD-22F0-4C95-B012-0C2F066B939A}.Debug|Any CPU.ActiveCfg = Debug|Any CPU
		{2CCE00DD-22F0-4C95-B012-0C2F066B939A}.Debug|Any CPU.Build.0 = Debug|Any CPU
		{2CCE00DD-22F0-4C95-B012-0C2F066B939A}.Release|Any CPU.ActiveCfg = Release|Any CPU
		{2CCE00DD-22F0-4C95-B012-0C2F066B939A}.Release|Any CPU.Build.0 = Release|Any CPU
	EndGlobalSection
	GlobalSection(SolutionProperties) = preSolution
		HideSolutionNode = FALSE
	EndGlobalSection
	GlobalSection(ExtensibilityGlobals) = postSolution
		SolutionGuid = {17D5DB8C-3BCE-480B-9E78-0F510F659821}
	EndGlobalSection
EndGlobal
